// !$*UTF8*$!
{
	archiveVersion = 1;
	classes = {
	};
	objectVersion = 56;
	objects = {

/* Begin PBXBuildFile section */
		5363A3D22A8013FA00C17031 /* main.cpp in Sources */ = {isa = PBXBuildFile; fileRef = 5363A3D12A8013FA00C17031 /* main.cpp */; };
		5363A3E02A801C1700C17031 /* libvulkan.1.3.250.dylib in CopyFiles */ = {isa = PBXBuildFile; fileRef = 5363A3DF2A801C1700C17031 /* libvulkan.1.3.250.dylib */; };
		5363A3E22A801C2B00C17031 /* libvulkan.dylib in CopyFiles */ = {isa = PBXBuildFile; fileRef = 5363A3E12A801C2B00C17031 /* libvulkan.dylib */; };
		5363A3E82A801F6A00C17031 /* libvulkan.dylib in Frameworks */ = {isa = PBXBuildFile; fileRef = 5363A3E12A801C2B00C17031 /* libvulkan.dylib */; };
		5363A3E92A801F6D00C17031 /* libvulkan.1.3.250.dylib in Frameworks */ = {isa = PBXBuildFile; fileRef = 5363A3DF2A801C1700C17031 /* libvulkan.1.3.250.dylib */; };
		5363A3EE2A8022BC00C17031 /* libglfw.3.3.dylib in Frameworks */ = {isa = PBXBuildFile; fileRef = 5363A3ED2A8022BC00C17031 /* libglfw.3.3.dylib */; };
		5363A3F02A8022C800C17031 /* libglfw.3.3.dylib in CopyFiles */ = {isa = PBXBuildFile; fileRef = 5363A3EF2A8022C800C17031 /* libglfw.3.3.dylib */; };
		5363A3F32A80299900C17031 /* process_window.cpp in Sources */ = {isa = PBXBuildFile; fileRef = 5363A3F12A80299900C17031 /* process_window.cpp */; };
		5363A3F62A802F8900C17031 /* process.cpp in Sources */ = {isa = PBXBuildFile; fileRef = 5363A3F42A802F8900C17031 /* process.cpp */; };
		53B1E0CE2A8047390073A966 /* app.cpp in Sources */ = {isa = PBXBuildFile; fileRef = 53B1E0CC2A8047390073A966 /* app.cpp */; };
/* End PBXBuildFile section */

/* Begin PBXCopyFilesBuildPhase section */
		5363A3CC2A8013FA00C17031 /* CopyFiles */ = {
			isa = PBXCopyFilesBuildPhase;
			buildActionMask = 12;
			dstPath = usr/share/man/man1;
			dstSubfolderSpec = 10;
			files = (
				5363A3E02A801C1700C17031 /* libvulkan.1.3.250.dylib in CopyFiles */,
				5363A3E22A801C2B00C17031 /* libvulkan.dylib in CopyFiles */,
				5363A3F02A8022C800C17031 /* libglfw.3.3.dylib in CopyFiles */,
			);
			runOnlyForDeploymentPostprocessing = 0;
		};
/* End PBXCopyFilesBuildPhase section */

/* Begin PBXFileReference section */
		532B85492A80C11900ED6606 /* simple_shader.vert */ = {isa = PBXFileReference; fileEncoding = 4; lastKnownFileType = sourcecode.glsl; path = simple_shader.vert; sourceTree = "<group>"; };
		532B854A2A80C11900ED6606 /* simple_shader.frag */ = {isa = PBXFileReference; fileEncoding = 4; lastKnownFileType = sourcecode.glsl; path = simple_shader.frag; sourceTree = "<group>"; };
		532B854F2A80C59E00ED6606 /* simple_shader.frag.spv */ = {isa = PBXFileReference; lastKnownFileType = file; path = simple_shader.frag.spv; sourceTree = "<group>"; };
		532B85502A80C5E100ED6606 /* simple_shader.vert.spv */ = {isa = PBXFileReference; lastKnownFileType = file; path = simple_shader.vert.spv; sourceTree = "<group>"; };
		5363A3CE2A8013FA00C17031 /* VulkanPractice */ = {isa = PBXFileReference; explicitFileType = "compiled.mach-o.executable"; includeInIndex = 0; path = VulkanPractice; sourceTree = BUILT_PRODUCTS_DIR; };
		5363A3D12A8013FA00C17031 /* main.cpp */ = {isa = PBXFileReference; lastKnownFileType = sourcecode.cpp.cpp; path = main.cpp; sourceTree = "<group>"; };
		5363A3D92A80194600C17031 /* libglfw.3.dylib */ = {isa = PBXFileReference; lastKnownFileType = "compiled.mach-o.dylib"; name = libglfw.3.dylib; path = "../../../../Library/Mobile Documents/com~apple~CloudDocs/Bin/glfw-3.3.8.bin.MACOS/lib-x86_64/libglfw.3.dylib"; sourceTree = "<group>"; };
		5363A3DB2A80196E00C17031 /* libvulkan.1.3.250.dylib */ = {isa = PBXFileReference; lastKnownFileType = "compiled.mach-o.dylib"; name = libvulkan.1.3.250.dylib; path = ../../../../VulkanSDK/1.3.250.1/macOS/lib/libvulkan.1.3.250.dylib; sourceTree = "<group>"; };
		5363A3DD2A8019A200C17031 /* libvulkan.dylib */ = {isa = PBXFileReference; lastKnownFileType = "compiled.mach-o.dylib"; name = libvulkan.dylib; path = ../../../../../../Applications/Unity/Hub/Editor/2021.3.16f1/PlaybackEngines/AndroidPlayer/SDK/emulator/lib64/vulkan/libvulkan.dylib; sourceTree = "<group>"; };
		5363A3DF2A801C1700C17031 /* libvulkan.1.3.250.dylib */ = {isa = PBXFileReference; lastKnownFileType = "compiled.mach-o.dylib"; name = libvulkan.1.3.250.dylib; path = ../../../../VulkanSDK/1.3.250.1/macOS/lib/libvulkan.1.3.250.dylib; sourceTree = "<group>"; };
		5363A3E12A801C2B00C17031 /* libvulkan.dylib */ = {isa = PBXFileReference; lastKnownFileType = "compiled.mach-o.dylib"; name = libvulkan.dylib; path = ../../../../../../Applications/Unity/Hub/Editor/2021.3.16f1/PlaybackEngines/AndroidPlayer/SDK/emulator/lib64/vulkan/libvulkan.dylib; sourceTree = "<group>"; };
		5363A3E52A801F0C00C17031 /* libglfw.3.dylib */ = {isa = PBXFileReference; lastKnownFileType = "compiled.mach-o.dylib"; name = libglfw.3.dylib; path = "../../../../Library/Mobile Documents/com~apple~CloudDocs/Bin/glfw-3.3.8.bin.MACOS/lib-universal/libglfw.3.dylib"; sourceTree = "<group>"; };
		5363A3ED2A8022BC00C17031 /* libglfw.3.3.dylib */ = {isa = PBXFileReference; lastKnownFileType = "compiled.mach-o.dylib"; name = libglfw.3.3.dylib; path = ../../../../../../opt/homebrew/lib/libglfw.3.3.dylib; sourceTree = "<group>"; };
		5363A3EF2A8022C800C17031 /* libglfw.3.3.dylib */ = {isa = PBXFileReference; lastKnownFileType = "compiled.mach-o.dylib"; name = libglfw.3.3.dylib; path = ../../../../../../opt/homebrew/lib/libglfw.3.3.dylib; sourceTree = "<group>"; };
		5363A3F12A80299900C17031 /* process_window.cpp */ = {isa = PBXFileReference; lastKnownFileType = sourcecode.cpp.cpp; path = process_window.cpp; sourceTree = "<group>"; };
		5363A3F22A80299900C17031 /* process_window.hpp */ = {isa = PBXFileReference; lastKnownFileType = sourcecode.cpp.h; path = process_window.hpp; sourceTree = "<group>"; };
		5363A3F42A802F8900C17031 /* process.cpp */ = {isa = PBXFileReference; lastKnownFileType = sourcecode.cpp.cpp; path = process.cpp; sourceTree = "<group>"; };
		5363A3F52A802F8900C17031 /* process.hpp */ = {isa = PBXFileReference; lastKnownFileType = sourcecode.cpp.h; path = process.hpp; sourceTree = "<group>"; };
		53B1E0CC2A8047390073A966 /* app.cpp */ = {isa = PBXFileReference; lastKnownFileType = sourcecode.cpp.cpp; path = app.cpp; sourceTree = "<group>"; };
		53B1E0CD2A8047390073A966 /* app.hpp */ = {isa = PBXFileReference; lastKnownFileType = sourcecode.cpp.h; path = app.hpp; sourceTree = "<group>"; };
		53BE012C2A80BA0E00459F0D /* compileShaders.sh */ = {isa = PBXFileReference; lastKnownFileType = text.script.sh; name = compileShaders.sh; path = VulkanPractice/compileShaders.sh; sourceTree = SOURCE_ROOT; };
/* End PBXFileReference section */

/* Begin PBXFrameworksBuildPhase section */
		5363A3E72A801F3B00C17031 /* Frameworks */ = {
			isa = PBXFrameworksBuildPhase;
			buildActionMask = 2147483647;
			files = (
				5363A3EE2A8022BC00C17031 /* libglfw.3.3.dylib in Frameworks */,
				5363A3E82A801F6A00C17031 /* libvulkan.dylib in Frameworks */,
				5363A3E92A801F6D00C17031 /* libvulkan.1.3.250.dylib in Frameworks */,
			);
			runOnlyForDeploymentPostprocessing = 0;
		};
/* End PBXFrameworksBuildPhase section */

/* Begin PBXGroup section */
		5363A3C52A8013FA00C17031 = {
			isa = PBXGroup;
			children = (
				5363A3EF2A8022C800C17031 /* libglfw.3.3.dylib */,
				5363A3E12A801C2B00C17031 /* libvulkan.dylib */,
				5363A3DF2A801C1700C17031 /* libvulkan.1.3.250.dylib */,
				5363A3D02A8013FA00C17031 /* VulkanPractice */,
				5363A3CF2A8013FA00C17031 /* Products */,
				5363A3D82A80194600C17031 /* Frameworks */,
			);
			sourceTree = "<group>";
		};
		5363A3CF2A8013FA00C17031 /* Products */ = {
			isa = PBXGroup;
			children = (
				5363A3CE2A8013FA00C17031 /* VulkanPractice */,
			);
			name = Products;
			sourceTree = "<group>";
		};
		5363A3D02A8013FA00C17031 /* VulkanPractice */ = {
			isa = PBXGroup;
			children = (
				53B1E0D12A80B4E30073A966 /* shaders */,
				53B1E0D02A8047860073A966 /* app */,
				5363A3D12A8013FA00C17031 /* main.cpp */,
				53BE012C2A80BA0E00459F0D /* compileShaders.sh */,
			);
			path = VulkanPractice;
			sourceTree = "<group>";
		};
		5363A3D82A80194600C17031 /* Frameworks */ = {
			isa = PBXGroup;
			children = (
				5363A3ED2A8022BC00C17031 /* libglfw.3.3.dylib */,
				5363A3E52A801F0C00C17031 /* libglfw.3.dylib */,
				5363A3DD2A8019A200C17031 /* libvulkan.dylib */,
				5363A3DB2A80196E00C17031 /* libvulkan.1.3.250.dylib */,
				5363A3D92A80194600C17031 /* libglfw.3.dylib */,
			);
			name = Frameworks;
			sourceTree = "<group>";
		};
		53B1E0CF2A8047700073A966 /* Process */ = {
			isa = PBXGroup;
			children = (
				5363A3F12A80299900C17031 /* process_window.cpp */,
				5363A3F22A80299900C17031 /* process_window.hpp */,
				5363A3F42A802F8900C17031 /* process.cpp */,
				5363A3F52A802F8900C17031 /* process.hpp */,
			);
			name = Process;
			path = VulkanPractice/App/Process;
			sourceTree = SOURCE_ROOT;
		};
		53B1E0D02A8047860073A966 /* app */ = {
			isa = PBXGroup;
			children = (
				53B1E0CF2A8047700073A966 /* Process */,
				53B1E0CC2A8047390073A966 /* app.cpp */,
				53B1E0CD2A8047390073A966 /* app.hpp */,
			);
			path = app;
			sourceTree = "<group>";
		};
		53B1E0D12A80B4E30073A966 /* shaders */ = {
			isa = PBXGroup;
			children = (
				532B854F2A80C59E00ED6606 /* simple_shader.frag.spv */,
				532B854A2A80C11900ED6606 /* simple_shader.frag */,
				532B85492A80C11900ED6606 /* simple_shader.vert */,
				532B85502A80C5E100ED6606 /* simple_shader.vert.spv */,
			);
			path = shaders;
			sourceTree = "<group>";
		};
/* End PBXGroup section */

/* Begin PBXNativeTarget section */
		5363A3CD2A8013FA00C17031 /* VulkanPractice */ = {
			isa = PBXNativeTarget;
			buildConfigurationList = 5363A3D52A8013FA00C17031 /* Build configuration list for PBXNativeTarget "VulkanPractice" */;
			buildPhases = (
				532B85542A80CB5E00ED6606 /* ShellScript */,
				5363A3CA2A8013FA00C17031 /* Sources */,
				5363A3E72A801F3B00C17031 /* Frameworks */,
				5363A3CC2A8013FA00C17031 /* CopyFiles */,
			);
			buildRules = (
			);
			dependencies = (
			);
			name = VulkanPractice;
			productName = VulkanPractice;
			productReference = 5363A3CE2A8013FA00C17031 /* VulkanPractice */;
			productType = "com.apple.product-type.tool";
		};
/* End PBXNativeTarget section */

/* Begin PBXProject section */
		5363A3C62A8013FA00C17031 /* Project object */ = {
			isa = PBXProject;
			attributes = {
				BuildIndependentTargetsInParallel = 1;
				LastUpgradeCheck = 1430;
				TargetAttributes = {
					5363A3CD2A8013FA00C17031 = {
						CreatedOnToolsVersion = 14.3.1;
					};
				};
			};
			buildConfigurationList = 5363A3C92A8013FA00C17031 /* Build configuration list for PBXProject "VulkanPractice" */;
			compatibilityVersion = "Xcode 14.0";
			developmentRegion = en;
			hasScannedForEncodings = 0;
			knownRegions = (
				en,
				Base,
			);
			mainGroup = 5363A3C52A8013FA00C17031;
			productRefGroup = 5363A3CF2A8013FA00C17031 /* Products */;
			projectDirPath = "";
			projectRoot = "";
			targets = (
				5363A3CD2A8013FA00C17031 /* VulkanPractice */,
			);
		};
/* End PBXProject section */

/* Begin PBXShellScriptBuildPhase section */
		532B85542A80CB5E00ED6606 /* ShellScript */ = {
			isa = PBXShellScriptBuildPhase;
			buildActionMask = 2147483647;
			files = (
			);
			inputFileListPaths = (
			);
			inputPaths = (
			);
			outputFileListPaths = (
			);
			outputPaths = (
				"$(DERIVED_FILE_DIR)/shaders",
			);
			runOnlyForDeploymentPostprocessing = 0;
			shellPath = /bin/sh;
			shellScript = "${PROJECT_DIR}/VulkanPractice/compileShaders.sh\n";
		};
/* End PBXShellScriptBuildPhase section */

/* Begin PBXSourcesBuildPhase section */
		5363A3CA2A8013FA00C17031 /* Sources */ = {
			isa = PBXSourcesBuildPhase;
			buildActionMask = 2147483647;
			files = (
				5363A3F62A802F8900C17031 /* process.cpp in Sources */,
				53B1E0CE2A8047390073A966 /* app.cpp in Sources */,
				5363A3D22A8013FA00C17031 /* main.cpp in Sources */,
				5363A3F32A80299900C17031 /* process_window.cpp in Sources */,
			);
			runOnlyForDeploymentPostprocessing = 0;
		};
/* End PBXSourcesBuildPhase section */

/* Begin XCBuildConfiguration section */
		5363A3D32A8013FA00C17031 /* Debug */ = {
			isa = XCBuildConfiguration;
			buildSettings = {
				ALWAYS_SEARCH_USER_PATHS = NO;
				CLANG_ANALYZER_NONNULL = YES;
				CLANG_ANALYZER_NUMBER_OBJECT_CONVERSION = YES_AGGRESSIVE;
				CLANG_CXX_LANGUAGE_STANDARD = "gnu++20";
				CLANG_ENABLE_MODULES = YES;
				CLANG_ENABLE_OBJC_ARC = YES;
				CLANG_ENABLE_OBJC_WEAK = YES;
				CLANG_WARN_BLOCK_CAPTURE_AUTORELEASING = YES;
				CLANG_WARN_BOOL_CONVERSION = YES;
				CLANG_WARN_COMMA = YES;
				CLANG_WARN_CONSTANT_CONVERSION = YES;
				CLANG_WARN_DEPRECATED_OBJC_IMPLEMENTATIONS = YES;
				CLANG_WARN_DIRECT_OBJC_ISA_USAGE = YES_ERROR;
				CLANG_WARN_DOCUMENTATION_COMMENTS = YES;
				CLANG_WARN_EMPTY_BODY = YES;
				CLANG_WARN_ENUM_CONVERSION = YES;
				CLANG_WARN_INFINITE_RECURSION = YES;
				CLANG_WARN_INT_CONVERSION = YES;
				CLANG_WARN_NON_LITERAL_NULL_CONVERSION = YES;
				CLANG_WARN_OBJC_IMPLICIT_RETAIN_SELF = YES;
				CLANG_WARN_OBJC_LITERAL_CONVERSION = YES;
				CLANG_WARN_OBJC_ROOT_CLASS = YES_ERROR;
				CLANG_WARN_QUOTED_INCLUDE_IN_FRAMEWORK_HEADER = YES;
				CLANG_WARN_RANGE_LOOP_ANALYSIS = YES;
				CLANG_WARN_STRICT_PROTOTYPES = YES;
				CLANG_WARN_SUSPICIOUS_MOVE = YES;
				CLANG_WARN_UNGUARDED_AVAILABILITY = YES_AGGRESSIVE;
				CLANG_WARN_UNREACHABLE_CODE = YES;
				CLANG_WARN__DUPLICATE_METHOD_MATCH = YES;
				COPY_PHASE_STRIP = NO;
				DEBUG_INFORMATION_FORMAT = dwarf;
				ENABLE_STRICT_OBJC_MSGSEND = YES;
				ENABLE_TESTABILITY = YES;
				GCC_C_LANGUAGE_STANDARD = gnu11;
				GCC_DYNAMIC_NO_PIC = NO;
				GCC_NO_COMMON_BLOCKS = YES;
				GCC_OPTIMIZATION_LEVEL = 0;
				GCC_PREPROCESSOR_DEFINITIONS = (
					"DEBUG=1",
					"$(inherited)",
				);
				GCC_WARN_64_TO_32_BIT_CONVERSION = YES;
				GCC_WARN_ABOUT_RETURN_TYPE = YES_ERROR;
				GCC_WARN_UNDECLARED_SELECTOR = YES;
				GCC_WARN_UNINITIALIZED_AUTOS = YES_AGGRESSIVE;
				GCC_WARN_UNUSED_FUNCTION = YES;
				GCC_WARN_UNUSED_VARIABLE = YES;
				MACOSX_DEPLOYMENT_TARGET = 13.3;
				MTL_ENABLE_DEBUG_INFO = INCLUDE_SOURCE;
				MTL_FAST_MATH = YES;
				ONLY_ACTIVE_ARCH = YES;
				SDKROOT = macosx;
			};
			name = Debug;
		};
		5363A3D42A8013FA00C17031 /* Release */ = {
			isa = XCBuildConfiguration;
			buildSettings = {
				ALWAYS_SEARCH_USER_PATHS = NO;
				CLANG_ANALYZER_NONNULL = YES;
				CLANG_ANALYZER_NUMBER_OBJECT_CONVERSION = YES_AGGRESSIVE;
				CLANG_CXX_LANGUAGE_STANDARD = "gnu++20";
				CLANG_ENABLE_MODULES = YES;
				CLANG_ENABLE_OBJC_ARC = YES;
				CLANG_ENABLE_OBJC_WEAK = YES;
				CLANG_WARN_BLOCK_CAPTURE_AUTORELEASING = YES;
				CLANG_WARN_BOOL_CONVERSION = YES;
				CLANG_WARN_COMMA = YES;
				CLANG_WARN_CONSTANT_CONVERSION = YES;
				CLANG_WARN_DEPRECATED_OBJC_IMPLEMENTATIONS = YES;
				CLANG_WARN_DIRECT_OBJC_ISA_USAGE = YES_ERROR;
				CLANG_WARN_DOCUMENTATION_COMMENTS = YES;
				CLANG_WARN_EMPTY_BODY = YES;
				CLANG_WARN_ENUM_CONVERSION = YES;
				CLANG_WARN_INFINITE_RECURSION = YES;
				CLANG_WARN_INT_CONVERSION = YES;
				CLANG_WARN_NON_LITERAL_NULL_CONVERSION = YES;
				CLANG_WARN_OBJC_IMPLICIT_RETAIN_SELF = YES;
				CLANG_WARN_OBJC_LITERAL_CONVERSION = YES;
				CLANG_WARN_OBJC_ROOT_CLASS = YES_ERROR;
				CLANG_WARN_QUOTED_INCLUDE_IN_FRAMEWORK_HEADER = YES;
				CLANG_WARN_RANGE_LOOP_ANALYSIS = YES;
				CLANG_WARN_STRICT_PROTOTYPES = YES;
				CLANG_WARN_SUSPICIOUS_MOVE = YES;
				CLANG_WARN_UNGUARDED_AVAILABILITY = YES_AGGRESSIVE;
				CLANG_WARN_UNREACHABLE_CODE = YES;
				CLANG_WARN__DUPLICATE_METHOD_MATCH = YES;
				COPY_PHASE_STRIP = NO;
				DEBUG_INFORMATION_FORMAT = "dwarf-with-dsym";
				ENABLE_NS_ASSERTIONS = NO;
				ENABLE_STRICT_OBJC_MSGSEND = YES;
				GCC_C_LANGUAGE_STANDARD = gnu11;
				GCC_NO_COMMON_BLOCKS = YES;
				GCC_WARN_64_TO_32_BIT_CONVERSION = YES;
				GCC_WARN_ABOUT_RETURN_TYPE = YES_ERROR;
				GCC_WARN_UNDECLARED_SELECTOR = YES;
				GCC_WARN_UNINITIALIZED_AUTOS = YES_AGGRESSIVE;
				GCC_WARN_UNUSED_FUNCTION = YES;
				GCC_WARN_UNUSED_VARIABLE = YES;
				MACOSX_DEPLOYMENT_TARGET = 13.3;
				MTL_ENABLE_DEBUG_INFO = NO;
				MTL_FAST_MATH = YES;
				SDKROOT = macosx;
			};
			name = Release;
		};
		5363A3D62A8013FA00C17031 /* Debug */ = {
			isa = XCBuildConfiguration;
			buildSettings = {
				CODE_SIGN_STYLE = Automatic;
				HEADER_SEARCH_PATHS = (
					/opt/homebrew/include,
					/Users/techalchemy/vulkansdk/1.3.250.1/macOS/include,
				);
				LIBRARY_SEARCH_PATHS = (
					/opt/homebrew/lib,
					/Users/techalchemy/vulkansdk/1.3.250.1/macOS/lib,
				);
				PRODUCT_NAME = "$(TARGET_NAME)";
			};
			name = Debug;
		};
		5363A3D72A8013FA00C17031 /* Release */ = {
			isa = XCBuildConfiguration;
			buildSettings = {
				CODE_SIGN_STYLE = Automatic;
				HEADER_SEARCH_PATHS = (
					/opt/homebrew/include,
					/Users/techalchemy/vulkansdk/1.3.250.1/macOS/include,
				);
				LIBRARY_SEARCH_PATHS = (
					/opt/homebrew/lib,
					/Users/techalchemy/vulkansdk/1.3.250.1/macOS/lib,
				);
				PRODUCT_NAME = "$(TARGET_NAME)";
			};
			name = Release;
		};
/* End XCBuildConfiguration section */

/* Begin XCConfigurationList section */
		5363A3C92A8013FA00C17031 /* Build configuration list for PBXProject "VulkanPractice" */ = {
			isa = XCConfigurationList;
			buildConfigurations = (
				5363A3D32A8013FA00C17031 /* Debug */,
				5363A3D42A8013FA00C17031 /* Release */,
			);
			defaultConfigurationIsVisible = 0;
			defaultConfigurationName = Release;
		};
		5363A3D52A8013FA00C17031 /* Build configuration list for PBXNativeTarget "VulkanPractice" */ = {
			isa = XCConfigurationList;
			buildConfigurations = (
				5363A3D62A8013FA00C17031 /* Debug */,
				5363A3D72A8013FA00C17031 /* Release */,
			);
			defaultConfigurationIsVisible = 0;
			defaultConfigurationName = Release;
		};
/* End XCConfigurationList section */
	};
	rootObject = 5363A3C62A8013FA00C17031 /* Project object */;
}
